// !$*UTF8*$!
{
	archiveVersion = 1;
	classes = {
	};
	objectVersion = 55;
	objects = {

/* Begin PBXBuildFile section */
		2B3D056F2764017600D2ED06 /* AppDelegate.swift in Sources */ = {isa = PBXBuildFile; fileRef = 2B3D056E2764017600D2ED06 /* AppDelegate.swift */; };
		2B3D05712764017600D2ED06 /* SceneDelegate.swift in Sources */ = {isa = PBXBuildFile; fileRef = 2B3D05702764017600D2ED06 /* SceneDelegate.swift */; };
		2B3D05732764017600D2ED06 /* AnasayfaVc.swift in Sources */ = {isa = PBXBuildFile; fileRef = 2B3D05722764017600D2ED06 /* AnasayfaVc.swift */; };
		2B3D05762764017600D2ED06 /* Main.storyboard in Resources */ = {isa = PBXBuildFile; fileRef = 2B3D05742764017600D2ED06 /* Main.storyboard */; };
		2B3D05782764017D00D2ED06 /* Assets.xcassets in Resources */ = {isa = PBXBuildFile; fileRef = 2B3D05772764017D00D2ED06 /* Assets.xcassets */; };
		2B3D057B2764017D00D2ED06 /* LaunchScreen.storyboard in Resources */ = {isa = PBXBuildFile; fileRef = 2B3D05792764017D00D2ED06 /* LaunchScreen.storyboard */; };
		2B3D05862764017E00D2ED06 /* TechCareerCaseTests.swift in Sources */ = {isa = PBXBuildFile; fileRef = 2B3D05852764017E00D2ED06 /* TechCareerCaseTests.swift */; };
		2B3D05902764017E00D2ED06 /* TechCareerCaseUITests.swift in Sources */ = {isa = PBXBuildFile; fileRef = 2B3D058F2764017E00D2ED06 /* TechCareerCaseUITests.swift */; };
		2B3D05922764017E00D2ED06 /* TechCareerCaseUITestsLaunchTests.swift in Sources */ = {isa = PBXBuildFile; fileRef = 2B3D05912764017E00D2ED06 /* TechCareerCaseUITestsLaunchTests.swift */; };
		2B3D05A32767808E00D2ED06 /* YemekDetayVc.swift in Sources */ = {isa = PBXBuildFile; fileRef = 2B3D05A22767808E00D2ED06 /* YemekDetayVc.swift */; };
		2B3D05A727680CF200D2ED06 /* SepetVc.swift in Sources */ = {isa = PBXBuildFile; fileRef = 2B3D05A627680CF200D2ED06 /* SepetVc.swift */; };
		2B3D05AA27680FDA00D2ED06 /* Yemekler.swift in Sources */ = {isa = PBXBuildFile; fileRef = 2B3D05A927680FDA00D2ED06 /* Yemekler.swift */; };
		2B3D05AF27681B2800D2ED06 /* CollectionViewCell.swift in Sources */ = {isa = PBXBuildFile; fileRef = 2B3D05AE27681B2800D2ED06 /* CollectionViewCell.swift */; };
		2B3D05B2276A1E0400D2ED06 /* AnasayfaProtocols.swift in Sources */ = {isa = PBXBuildFile; fileRef = 2B3D05B1276A1E0400D2ED06 /* AnasayfaProtocols.swift */; };
		2B3D05B5276A220400D2ED06 /* AnasayfaInteractor.swift in Sources */ = {isa = PBXBuildFile; fileRef = 2B3D05B4276A220400D2ED06 /* AnasayfaInteractor.swift */; };
		2B3D05B8276A247D00D2ED06 /* AnasayfaPresenter.swift in Sources */ = {isa = PBXBuildFile; fileRef = 2B3D05B7276A247D00D2ED06 /* AnasayfaPresenter.swift */; };
		2B3D05BA276A333100D2ED06 /* UIView + Extensions.swift in Sources */ = {isa = PBXBuildFile; fileRef = 2B3D05B9276A333100D2ED06 /* UIView + Extensions.swift */; };
/* End PBXBuildFile section */

/* Begin PBXContainerItemProxy section */
		2B3D05822764017E00D2ED06 /* PBXContainerItemProxy */ = {
			isa = PBXContainerItemProxy;
			containerPortal = 2B3D05632764017600D2ED06 /* Project object */;
			proxyType = 1;
			remoteGlobalIDString = 2B3D056A2764017600D2ED06;
			remoteInfo = TechCareerCase;
		};
		2B3D058C2764017E00D2ED06 /* PBXContainerItemProxy */ = {
			isa = PBXContainerItemProxy;
			containerPortal = 2B3D05632764017600D2ED06 /* Project object */;
			proxyType = 1;
			remoteGlobalIDString = 2B3D056A2764017600D2ED06;
			remoteInfo = TechCareerCase;
		};
/* End PBXContainerItemProxy section */

/* Begin PBXFileReference section */
		2B3D056B2764017600D2ED06 /* TechCareerCase.app */ = {isa = PBXFileReference; explicitFileType = wrapper.application; includeInIndex = 0; path = TechCareerCase.app; sourceTree = BUILT_PRODUCTS_DIR; };
		2B3D056E2764017600D2ED06 /* AppDelegate.swift */ = {isa = PBXFileReference; lastKnownFileType = sourcecode.swift; path = AppDelegate.swift; sourceTree = "<group>"; };
		2B3D05702764017600D2ED06 /* SceneDelegate.swift */ = {isa = PBXFileReference; lastKnownFileType = sourcecode.swift; path = SceneDelegate.swift; sourceTree = "<group>"; };
		2B3D05722764017600D2ED06 /* AnasayfaVc.swift */ = {isa = PBXFileReference; lastKnownFileType = sourcecode.swift; path = AnasayfaVc.swift; sourceTree = "<group>"; };
		2B3D05752764017600D2ED06 /* Base */ = {isa = PBXFileReference; lastKnownFileType = file.storyboard; name = Base; path = Base.lproj/Main.storyboard; sourceTree = "<group>"; };
		2B3D05772764017D00D2ED06 /* Assets.xcassets */ = {isa = PBXFileReference; lastKnownFileType = folder.assetcatalog; path = Assets.xcassets; sourceTree = "<group>"; };
		2B3D057A2764017D00D2ED06 /* Base */ = {isa = PBXFileReference; lastKnownFileType = file.storyboard; name = Base; path = Base.lproj/LaunchScreen.storyboard; sourceTree = "<group>"; };
		2B3D057C2764017D00D2ED06 /* Info.plist */ = {isa = PBXFileReference; lastKnownFileType = text.plist.xml; path = Info.plist; sourceTree = "<group>"; };
		2B3D05812764017E00D2ED06 /* TechCareerCaseTests.xctest */ = {isa = PBXFileReference; explicitFileType = wrapper.cfbundle; includeInIndex = 0; path = TechCareerCaseTests.xctest; sourceTree = BUILT_PRODUCTS_DIR; };
		2B3D05852764017E00D2ED06 /* TechCareerCaseTests.swift */ = {isa = PBXFileReference; lastKnownFileType = sourcecode.swift; path = TechCareerCaseTests.swift; sourceTree = "<group>"; };
		2B3D058B2764017E00D2ED06 /* TechCareerCaseUITests.xctest */ = {isa = PBXFileReference; explicitFileType = wrapper.cfbundle; includeInIndex = 0; path = TechCareerCaseUITests.xctest; sourceTree = BUILT_PRODUCTS_DIR; };
		2B3D058F2764017E00D2ED06 /* TechCareerCaseUITests.swift */ = {isa = PBXFileReference; lastKnownFileType = sourcecode.swift; path = TechCareerCaseUITests.swift; sourceTree = "<group>"; };
		2B3D05912764017E00D2ED06 /* TechCareerCaseUITestsLaunchTests.swift */ = {isa = PBXFileReference; lastKnownFileType = sourcecode.swift; path = TechCareerCaseUITestsLaunchTests.swift; sourceTree = "<group>"; };
		2B3D05A22767808E00D2ED06 /* YemekDetayVc.swift */ = {isa = PBXFileReference; lastKnownFileType = sourcecode.swift; path = YemekDetayVc.swift; sourceTree = "<group>"; };
		2B3D05A627680CF200D2ED06 /* SepetVc.swift */ = {isa = PBXFileReference; lastKnownFileType = sourcecode.swift; path = SepetVc.swift; sourceTree = "<group>"; };
		2B3D05A927680FDA00D2ED06 /* Yemekler.swift */ = {isa = PBXFileReference; lastKnownFileType = sourcecode.swift; path = Yemekler.swift; sourceTree = "<group>"; };
		2B3D05AE27681B2800D2ED06 /* CollectionViewCell.swift */ = {isa = PBXFileReference; lastKnownFileType = sourcecode.swift; path = CollectionViewCell.swift; sourceTree = "<group>"; };
		2B3D05B1276A1E0400D2ED06 /* AnasayfaProtocols.swift */ = {isa = PBXFileReference; lastKnownFileType = sourcecode.swift; path = AnasayfaProtocols.swift; sourceTree = "<group>"; };
		2B3D05B4276A220400D2ED06 /* AnasayfaInteractor.swift */ = {isa = PBXFileReference; lastKnownFileType = sourcecode.swift; path = AnasayfaInteractor.swift; sourceTree = "<group>"; };
		2B3D05B7276A247D00D2ED06 /* AnasayfaPresenter.swift */ = {isa = PBXFileReference; lastKnownFileType = sourcecode.swift; path = AnasayfaPresenter.swift; sourceTree = "<group>"; };
		2B3D05B9276A333100D2ED06 /* UIView + Extensions.swift */ = {isa = PBXFileReference; fileEncoding = 4; lastKnownFileType = sourcecode.swift; path = "UIView + Extensions.swift"; sourceTree = "<group>"; };
/* End PBXFileReference section */

/* Begin PBXFrameworksBuildPhase section */
		2B3D05682764017600D2ED06 /* Frameworks */ = {
			isa = PBXFrameworksBuildPhase;
			buildActionMask = 2147483647;
			files = (
			);
			runOnlyForDeploymentPostprocessing = 0;
		};
		2B3D057E2764017E00D2ED06 /* Frameworks */ = {
			isa = PBXFrameworksBuildPhase;
			buildActionMask = 2147483647;
			files = (
			);
			runOnlyForDeploymentPostprocessing = 0;
		};
		2B3D05882764017E00D2ED06 /* Frameworks */ = {
			isa = PBXFrameworksBuildPhase;
			buildActionMask = 2147483647;
			files = (
			);
			runOnlyForDeploymentPostprocessing = 0;
		};
/* End PBXFrameworksBuildPhase section */

/* Begin PBXGroup section */
		2B3D05622764017600D2ED06 = {
			isa = PBXGroup;
			children = (
				2B3D056D2764017600D2ED06 /* TechCareerCase */,
				2B3D05842764017E00D2ED06 /* TechCareerCaseTests */,
				2B3D058E2764017E00D2ED06 /* TechCareerCaseUITests */,
				2B3D056C2764017600D2ED06 /* Products */,
			);
			sourceTree = "<group>";
		};
		2B3D056C2764017600D2ED06 /* Products */ = {
			isa = PBXGroup;
			children = (
				2B3D056B2764017600D2ED06 /* TechCareerCase.app */,
				2B3D05812764017E00D2ED06 /* TechCareerCaseTests.xctest */,
				2B3D058B2764017E00D2ED06 /* TechCareerCaseUITests.xctest */,
			);
			name = Products;
			sourceTree = "<group>";
		};
		2B3D056D2764017600D2ED06 /* TechCareerCase */ = {
			isa = PBXGroup;
			children = (
				2B3D05BB276A333900D2ED06 /* Extentions */,
				2B3D05A827680FCB00D2ED06 /* Entity */,
				2B3D05A427680CD000D2ED06 /* Sepet-Module */,
				2B3D05A02767743700D2ED06 /* YemekDetay-Module */,
				2B3D059E276773C200D2ED06 /* Anasayfa-Module */,
				2B3D056E2764017600D2ED06 /* AppDelegate.swift */,
				2B3D05702764017600D2ED06 /* SceneDelegate.swift */,
				2B3D05742764017600D2ED06 /* Main.storyboard */,
				2B3D05772764017D00D2ED06 /* Assets.xcassets */,
				2B3D05792764017D00D2ED06 /* LaunchScreen.storyboard */,
				2B3D057C2764017D00D2ED06 /* Info.plist */,
			);
			path = TechCareerCase;
			sourceTree = "<group>";
		};
		2B3D05842764017E00D2ED06 /* TechCareerCaseTests */ = {
			isa = PBXGroup;
			children = (
				2B3D05852764017E00D2ED06 /* TechCareerCaseTests.swift */,
			);
			path = TechCareerCaseTests;
			sourceTree = "<group>";
		};
		2B3D058E2764017E00D2ED06 /* TechCareerCaseUITests */ = {
			isa = PBXGroup;
			children = (
				2B3D058F2764017E00D2ED06 /* TechCareerCaseUITests.swift */,
				2B3D05912764017E00D2ED06 /* TechCareerCaseUITestsLaunchTests.swift */,
			);
			path = TechCareerCaseUITests;
			sourceTree = "<group>";
		};
		2B3D059E276773C200D2ED06 /* Anasayfa-Module */ = {
			isa = PBXGroup;
			children = (
				2B3D05B6276A246800D2ED06 /* Presenter */,
				2B3D05B3276A21F300D2ED06 /* Interactor */,
				2B3D05B0276A1DE500D2ED06 /* Protocols */,
				2B3D05AB2768161200D2ED06 /* CollectionViewCell */,
				2B3D059F276773CA00D2ED06 /* View */,
			);
			path = "Anasayfa-Module";
			sourceTree = "<group>";
		};
		2B3D059F276773CA00D2ED06 /* View */ = {
			isa = PBXGroup;
			children = (
				2B3D05722764017600D2ED06 /* AnasayfaVc.swift */,
			);
			path = View;
			sourceTree = "<group>";
		};
		2B3D05A02767743700D2ED06 /* YemekDetay-Module */ = {
			isa = PBXGroup;
			children = (
				2B3D05A12767807800D2ED06 /* View */,
			);
			path = "YemekDetay-Module";
			sourceTree = "<group>";
		};
		2B3D05A12767807800D2ED06 /* View */ = {
			isa = PBXGroup;
			children = (
				2B3D05A22767808E00D2ED06 /* YemekDetayVc.swift */,
			);
			path = View;
			sourceTree = "<group>";
		};
		2B3D05A427680CD000D2ED06 /* Sepet-Module */ = {
			isa = PBXGroup;
			children = (
				2B3D05A527680CDF00D2ED06 /* View */,
			);
			path = "Sepet-Module";
			sourceTree = "<group>";
		};
		2B3D05A527680CDF00D2ED06 /* View */ = {
			isa = PBXGroup;
			children = (
				2B3D05A627680CF200D2ED06 /* SepetVc.swift */,
			);
			path = View;
			sourceTree = "<group>";
		};
		2B3D05A827680FCB00D2ED06 /* Entity */ = {
			isa = PBXGroup;
			children = (
				2B3D05A927680FDA00D2ED06 /* Yemekler.swift */,
			);
			path = Entity;
			sourceTree = "<group>";
		};
		2B3D05AB2768161200D2ED06 /* CollectionViewCell */ = {
			isa = PBXGroup;
			children = (
				2B3D05AE27681B2800D2ED06 /* CollectionViewCell.swift */,
			);
			path = CollectionViewCell;
			sourceTree = "<group>";
		};
		2B3D05B0276A1DE500D2ED06 /* Protocols */ = {
			isa = PBXGroup;
			children = (
				2B3D05B1276A1E0400D2ED06 /* AnasayfaProtocols.swift */,
			);
			path = Protocols;
			sourceTree = "<group>";
		};
		2B3D05B3276A21F300D2ED06 /* Interactor */ = {
			isa = PBXGroup;
			children = (
				2B3D05B4276A220400D2ED06 /* AnasayfaInteractor.swift */,
			);
			path = Interactor;
			sourceTree = "<group>";
		};
		2B3D05B6276A246800D2ED06 /* Presenter */ = {
			isa = PBXGroup;
			children = (
				2B3D05B7276A247D00D2ED06 /* AnasayfaPresenter.swift */,
			);
			path = Presenter;
			sourceTree = "<group>";
		};
		2B3D05BB276A333900D2ED06 /* Extentions */ = {
			isa = PBXGroup;
			children = (
				2B3D05B9276A333100D2ED06 /* UIView + Extensions.swift */,
			);
			path = Extentions;
			sourceTree = "<group>";
		};
/* End PBXGroup section */

/* Begin PBXNativeTarget section */
		2B3D056A2764017600D2ED06 /* TechCareerCase */ = {
			isa = PBXNativeTarget;
			buildConfigurationList = 2B3D05952764017E00D2ED06 /* Build configuration list for PBXNativeTarget "TechCareerCase" */;
			buildPhases = (
				2B3D05672764017600D2ED06 /* Sources */,
				2B3D05682764017600D2ED06 /* Frameworks */,
				2B3D05692764017600D2ED06 /* Resources */,
			);
			buildRules = (
			);
			dependencies = (
			);
			name = TechCareerCase;
			productName = TechCareerCase;
			productReference = 2B3D056B2764017600D2ED06 /* TechCareerCase.app */;
			productType = "com.apple.product-type.application";
		};
		2B3D05802764017E00D2ED06 /* TechCareerCaseTests */ = {
			isa = PBXNativeTarget;
			buildConfigurationList = 2B3D05982764017E00D2ED06 /* Build configuration list for PBXNativeTarget "TechCareerCaseTests" */;
			buildPhases = (
				2B3D057D2764017E00D2ED06 /* Sources */,
				2B3D057E2764017E00D2ED06 /* Frameworks */,
				2B3D057F2764017E00D2ED06 /* Resources */,
			);
			buildRules = (
			);
			dependencies = (
				2B3D05832764017E00D2ED06 /* PBXTargetDependency */,
			);
			name = TechCareerCaseTests;
			productName = TechCareerCaseTests;
			productReference = 2B3D05812764017E00D2ED06 /* TechCareerCaseTests.xctest */;
			productType = "com.apple.product-type.bundle.unit-test";
		};
		2B3D058A2764017E00D2ED06 /* TechCareerCaseUITests */ = {
			isa = PBXNativeTarget;
			buildConfigurationList = 2B3D059B2764017E00D2ED06 /* Build configuration list for PBXNativeTarget "TechCareerCaseUITests" */;
			buildPhases = (
				2B3D05872764017E00D2ED06 /* Sources */,
				2B3D05882764017E00D2ED06 /* Frameworks */,
				2B3D05892764017E00D2ED06 /* Resources */,
			);
			buildRules = (
			);
			dependencies = (
				2B3D058D2764017E00D2ED06 /* PBXTargetDependency */,
			);
			name = TechCareerCaseUITests;
			productName = TechCareerCaseUITests;
			productReference = 2B3D058B2764017E00D2ED06 /* TechCareerCaseUITests.xctest */;
			productType = "com.apple.product-type.bundle.ui-testing";
		};
/* End PBXNativeTarget section */

/* Begin PBXProject section */
		2B3D05632764017600D2ED06 /* Project object */ = {
			isa = PBXProject;
			attributes = {
				BuildIndependentTargetsInParallel = 1;
				LastSwiftUpdateCheck = 1310;
				LastUpgradeCheck = 1310;
				TargetAttributes = {
					2B3D056A2764017600D2ED06 = {
						CreatedOnToolsVersion = 13.1;
					};
					2B3D05802764017E00D2ED06 = {
						CreatedOnToolsVersion = 13.1;
						TestTargetID = 2B3D056A2764017600D2ED06;
					};
					2B3D058A2764017E00D2ED06 = {
						CreatedOnToolsVersion = 13.1;
						TestTargetID = 2B3D056A2764017600D2ED06;
					};
				};
			};
			buildConfigurationList = 2B3D05662764017600D2ED06 /* Build configuration list for PBXProject "TechCareerCase" */;
			compatibilityVersion = "Xcode 13.0";
			developmentRegion = en;
			hasScannedForEncodings = 0;
			knownRegions = (
				en,
				Base,
			);
			mainGroup = 2B3D05622764017600D2ED06;
			productRefGroup = 2B3D056C2764017600D2ED06 /* Products */;
			projectDirPath = "";
			projectRoot = "";
			targets = (
				2B3D056A2764017600D2ED06 /* TechCareerCase */,
				2B3D05802764017E00D2ED06 /* TechCareerCaseTests */,
				2B3D058A2764017E00D2ED06 /* TechCareerCaseUITests */,
			);
		};
/* End PBXProject section */

/* Begin PBXResourcesBuildPhase section */
		2B3D05692764017600D2ED06 /* Resources */ = {
			isa = PBXResourcesBuildPhase;
			buildActionMask = 2147483647;
			files = (
				2B3D057B2764017D00D2ED06 /* LaunchScreen.storyboard in Resources */,
				2B3D05782764017D00D2ED06 /* Assets.xcassets in Resources */,
				2B3D05762764017600D2ED06 /* Main.storyboard in Resources */,
			);
			runOnlyForDeploymentPostprocessing = 0;
		};
		2B3D057F2764017E00D2ED06 /* Resources */ = {
			isa = PBXResourcesBuildPhase;
			buildActionMask = 2147483647;
			files = (
			);
			runOnlyForDeploymentPostprocessing = 0;
		};
		2B3D05892764017E00D2ED06 /* Resources */ = {
			isa = PBXResourcesBuildPhase;
			buildActionMask = 2147483647;
			files = (
			);
			runOnlyForDeploymentPostprocessing = 0;
		};
/* End PBXResourcesBuildPhase section */

/* Begin PBXSourcesBuildPhase section */
		2B3D05672764017600D2ED06 /* Sources */ = {
			isa = PBXSourcesBuildPhase;
			buildActionMask = 2147483647;
			files = (
				2B3D05A32767808E00D2ED06 /* YemekDetayVc.swift in Sources */,
				2B3D05732764017600D2ED06 /* AnasayfaVc.swift in Sources */,
				2B3D056F2764017600D2ED06 /* AppDelegate.swift in Sources */,
				2B3D05B5276A220400D2ED06 /* AnasayfaInteractor.swift in Sources */,
				2B3D05B8276A247D00D2ED06 /* AnasayfaPresenter.swift in Sources */,
				2B3D05B2276A1E0400D2ED06 /* AnasayfaProtocols.swift in Sources */,
				2B3D05AF27681B2800D2ED06 /* CollectionViewCell.swift in Sources */,
				2B3D05BA276A333100D2ED06 /* UIView + Extensions.swift in Sources */,
				2B3D05712764017600D2ED06 /* SceneDelegate.swift in Sources */,
				2B3D05A727680CF200D2ED06 /* SepetVc.swift in Sources */,
				2B3D05AA27680FDA00D2ED06 /* Yemekler.swift in Sources */,
			);
			runOnlyForDeploymentPostprocessing = 0;
		};
		2B3D057D2764017E00D2ED06 /* Sources */ = {
			isa = PBXSourcesBuildPhase;
			buildActionMask = 2147483647;
			files = (
				2B3D05862764017E00D2ED06 /* TechCareerCaseTests.swift in Sources */,
			);
			runOnlyForDeploymentPostprocessing = 0;
		};
		2B3D05872764017E00D2ED06 /* Sources */ = {
			isa = PBXSourcesBuildPhase;
			buildActionMask = 2147483647;
			files = (
				2B3D05922764017E00D2ED06 /* TechCareerCaseUITestsLaunchTests.swift in Sources */,
				2B3D05902764017E00D2ED06 /* TechCareerCaseUITests.swift in Sources */,
			);
			runOnlyForDeploymentPostprocessing = 0;
		};
/* End PBXSourcesBuildPhase section */

/* Begin PBXTargetDependency section */
		2B3D05832764017E00D2ED06 /* PBXTargetDependency */ = {
			isa = PBXTargetDependency;
			target = 2B3D056A2764017600D2ED06 /* TechCareerCase */;
			targetProxy = 2B3D05822764017E00D2ED06 /* PBXContainerItemProxy */;
		};
		2B3D058D2764017E00D2ED06 /* PBXTargetDependency */ = {
			isa = PBXTargetDependency;
			target = 2B3D056A2764017600D2ED06 /* TechCareerCase */;
			targetProxy = 2B3D058C2764017E00D2ED06 /* PBXContainerItemProxy */;
		};
/* End PBXTargetDependency section */

/* Begin PBXVariantGroup section */
		2B3D05742764017600D2ED06 /* Main.storyboard */ = {
			isa = PBXVariantGroup;
			children = (
				2B3D05752764017600D2ED06 /* Base */,
			);
			name = Main.storyboard;
			sourceTree = "<group>";
		};
		2B3D05792764017D00D2ED06 /* LaunchScreen.storyboard */ = {
			isa = PBXVariantGroup;
			children = (
				2B3D057A2764017D00D2ED06 /* Base */,
			);
			name = LaunchScreen.storyboard;
			sourceTree = "<group>";
		};
/* End PBXVariantGroup section */

/* Begin XCBuildConfiguration section */
		2B3D05932764017E00D2ED06 /* Debug */ = {
			isa = XCBuildConfiguration;
			buildSettings = {
				ALWAYS_SEARCH_USER_PATHS = NO;
				CLANG_ANALYZER_NONNULL = YES;
				CLANG_ANALYZER_NUMBER_OBJECT_CONVERSION = YES_AGGRESSIVE;
				CLANG_CXX_LANGUAGE_STANDARD = "gnu++17";
				CLANG_CXX_LIBRARY = "libc++";
				CLANG_ENABLE_MODULES = YES;
				CLANG_ENABLE_OBJC_ARC = YES;
				CLANG_ENABLE_OBJC_WEAK = YES;
				CLANG_WARN_BLOCK_CAPTURE_AUTORELEASING = YES;
				CLANG_WARN_BOOL_CONVERSION = YES;
				CLANG_WARN_COMMA = YES;
				CLANG_WARN_CONSTANT_CONVERSION = YES;
				CLANG_WARN_DEPRECATED_OBJC_IMPLEMENTATIONS = YES;
				CLANG_WARN_DIRECT_OBJC_ISA_USAGE = YES_ERROR;
				CLANG_WARN_DOCUMENTATION_COMMENTS = YES;
				CLANG_WARN_EMPTY_BODY = YES;
				CLANG_WARN_ENUM_CONVERSION = YES;
				CLANG_WARN_INFINITE_RECURSION = YES;
				CLANG_WARN_INT_CONVERSION = YES;
				CLANG_WARN_NON_LITERAL_NULL_CONVERSION = YES;
				CLANG_WARN_OBJC_IMPLICIT_RETAIN_SELF = YES;
				CLANG_WARN_OBJC_LITERAL_CONVERSION = YES;
				CLANG_WARN_OBJC_ROOT_CLASS = YES_ERROR;
				CLANG_WARN_QUOTED_INCLUDE_IN_FRAMEWORK_HEADER = YES;
				CLANG_WARN_RANGE_LOOP_ANALYSIS = YES;
				CLANG_WARN_STRICT_PROTOTYPES = YES;
				CLANG_WARN_SUSPICIOUS_MOVE = YES;
				CLANG_WARN_UNGUARDED_AVAILABILITY = YES_AGGRESSIVE;
				CLANG_WARN_UNREACHABLE_CODE = YES;
				CLANG_WARN__DUPLICATE_METHOD_MATCH = YES;
				COPY_PHASE_STRIP = NO;
				DEBUG_INFORMATION_FORMAT = dwarf;
				ENABLE_STRICT_OBJC_MSGSEND = YES;
				ENABLE_TESTABILITY = YES;
				GCC_C_LANGUAGE_STANDARD = gnu11;
				GCC_DYNAMIC_NO_PIC = NO;
				GCC_NO_COMMON_BLOCKS = YES;
				GCC_OPTIMIZATION_LEVEL = 0;
				GCC_PREPROCESSOR_DEFINITIONS = (
					"DEBUG=1",
					"$(inherited)",
				);
				GCC_WARN_64_TO_32_BIT_CONVERSION = YES;
				GCC_WARN_ABOUT_RETURN_TYPE = YES_ERROR;
				GCC_WARN_UNDECLARED_SELECTOR = YES;
				GCC_WARN_UNINITIALIZED_AUTOS = YES_AGGRESSIVE;
				GCC_WARN_UNUSED_FUNCTION = YES;
				GCC_WARN_UNUSED_VARIABLE = YES;
				IPHONEOS_DEPLOYMENT_TARGET = 15.0;
				MTL_ENABLE_DEBUG_INFO = INCLUDE_SOURCE;
				MTL_FAST_MATH = YES;
				ONLY_ACTIVE_ARCH = YES;
				SDKROOT = iphoneos;
				SWIFT_ACTIVE_COMPILATION_CONDITIONS = DEBUG;
				SWIFT_OPTIMIZATION_LEVEL = "-Onone";
			};
			name = Debug;
		};
		2B3D05942764017E00D2ED06 /* Release */ = {
			isa = XCBuildConfiguration;
			buildSettings = {
				ALWAYS_SEARCH_USER_PATHS = NO;
				CLANG_ANALYZER_NONNULL = YES;
				CLANG_ANALYZER_NUMBER_OBJECT_CONVERSION = YES_AGGRESSIVE;
				CLANG_CXX_LANGUAGE_STANDARD = "gnu++17";
				CLANG_CXX_LIBRARY = "libc++";
				CLANG_ENABLE_MODULES = YES;
				CLANG_ENABLE_OBJC_ARC = YES;
				CLANG_ENABLE_OBJC_WEAK = YES;
				CLANG_WARN_BLOCK_CAPTURE_AUTORELEASING = YES;
				CLANG_WARN_BOOL_CONVERSION = YES;
				CLANG_WARN_COMMA = YES;
				CLANG_WARN_CONSTANT_CONVERSION = YES;
				CLANG_WARN_DEPRECATED_OBJC_IMPLEMENTATIONS = YES;
				CLANG_WARN_DIRECT_OBJC_ISA_USAGE = YES_ERROR;
				CLANG_WARN_DOCUMENTATION_COMMENTS = YES;
				CLANG_WARN_EMPTY_BODY = YES;
				CLANG_WARN_ENUM_CONVERSION = YES;
				CLANG_WARN_INFINITE_RECURSION = YES;
				CLANG_WARN_INT_CONVERSION = YES;
				CLANG_WARN_NON_LITERAL_NULL_CONVERSION = YES;
				CLANG_WARN_OBJC_IMPLICIT_RETAIN_SELF = YES;
				CLANG_WARN_OBJC_LITERAL_CONVERSION = YES;
				CLANG_WARN_OBJC_ROOT_CLASS = YES_ERROR;
				CLANG_WARN_QUOTED_INCLUDE_IN_FRAMEWORK_HEADER = YES;
				CLANG_WARN_RANGE_LOOP_ANALYSIS = YES;
				CLANG_WARN_STRICT_PROTOTYPES = YES;
				CLANG_WARN_SUSPICIOUS_MOVE = YES;
				CLANG_WARN_UNGUARDED_AVAILABILITY = YES_AGGRESSIVE;
				CLANG_WARN_UNREACHABLE_CODE = YES;
				CLANG_WARN__DUPLICATE_METHOD_MATCH = YES;
				COPY_PHASE_STRIP = NO;
				DEBUG_INFORMATION_FORMAT = "dwarf-with-dsym";
				ENABLE_NS_ASSERTIONS = NO;
				ENABLE_STRICT_OBJC_MSGSEND = YES;
				GCC_C_LANGUAGE_STANDARD = gnu11;
				GCC_NO_COMMON_BLOCKS = YES;
				GCC_WARN_64_TO_32_BIT_CONVERSION = YES;
				GCC_WARN_ABOUT_RETURN_TYPE = YES_ERROR;
				GCC_WARN_UNDECLARED_SELECTOR = YES;
				GCC_WARN_UNINITIALIZED_AUTOS = YES_AGGRESSIVE;
				GCC_WARN_UNUSED_FUNCTION = YES;
				GCC_WARN_UNUSED_VARIABLE = YES;
				IPHONEOS_DEPLOYMENT_TARGET = 15.0;
				MTL_ENABLE_DEBUG_INFO = NO;
				MTL_FAST_MATH = YES;
				SDKROOT = iphoneos;
				SWIFT_COMPILATION_MODE = wholemodule;
				SWIFT_OPTIMIZATION_LEVEL = "-O";
				VALIDATE_PRODUCT = YES;
			};
			name = Release;
		};
		2B3D05962764017E00D2ED06 /* Debug */ = {
			isa = XCBuildConfiguration;
			buildSettings = {
				ASSETCATALOG_COMPILER_APPICON_NAME = AppIcon;
				ASSETCATALOG_COMPILER_GLOBAL_ACCENT_COLOR_NAME = AccentColor;
				CODE_SIGN_STYLE = Automatic;
				CURRENT_PROJECT_VERSION = 1;
				DEVELOPMENT_TEAM = HWG6WB2J76;
				GENERATE_INFOPLIST_FILE = YES;
				INFOPLIST_FILE = TechCareerCase/Info.plist;
				INFOPLIST_KEY_UIApplicationSupportsIndirectInputEvents = YES;
				INFOPLIST_KEY_UILaunchStoryboardName = LaunchScreen;
				INFOPLIST_KEY_UIMainStoryboardFile = Main;
				INFOPLIST_KEY_UISupportedInterfaceOrientations_iPad = "UIInterfaceOrientationPortrait UIInterfaceOrientationPortraitUpsideDown UIInterfaceOrientationLandscapeLeft UIInterfaceOrientationLandscapeRight";
				INFOPLIST_KEY_UISupportedInterfaceOrientations_iPhone = "UIInterfaceOrientationPortrait UIInterfaceOrientationLandscapeLeft UIInterfaceOrientationLandscapeRight";
				LD_RUNPATH_SEARCH_PATHS = (
					"$(inherited)",
					"@executable_path/Frameworks",
				);
				MARKETING_VERSION = 1.0;
				PRODUCT_BUNDLE_IDENTIFIER = com.MustafaGrgun.TechCareerCase;
				PRODUCT_NAME = "$(TARGET_NAME)";
				SWIFT_EMIT_LOC_STRINGS = YES;
				SWIFT_VERSION = 5.0;
				TARGETED_DEVICE_FAMILY = "1,2";
			};
			name = Debug;
		};
		2B3D05972764017E00D2ED06 /* Release */ = {
			isa = XCBuildConfiguration;
			buildSettings = {
				ASSETCATALOG_COMPILER_APPICON_NAME = AppIcon;
				ASSETCATALOG_COMPILER_GLOBAL_ACCENT_COLOR_NAME = AccentColor;
				CODE_SIGN_STYLE = Automatic;
				CURRENT_PROJECT_VERSION = 1;
				DEVELOPMENT_TEAM = HWG6WB2J76;
				GENERATE_INFOPLIST_FILE = YES;
				INFOPLIST_FILE = TechCareerCase/Info.plist;
				INFOPLIST_KEY_UIApplicationSupportsIndirectInputEvents = YES;
				INFOPLIST_KEY_UILaunchStoryboardName = LaunchScreen;
				INFOPLIST_KEY_UIMainStoryboardFile = Main;
				INFOPLIST_KEY_UISupportedInterfaceOrientations_iPad = "UIInterfaceOrientationPortrait UIInterfaceOrientationPortraitUpsideDown UIInterfaceOrientationLandscapeLeft UIInterfaceOrientationLandscapeRight";
				INFOPLIST_KEY_UISupportedInterfaceOrientations_iPhone = "UIInterfaceOrientationPortrait UIInterfaceOrientationLandscapeLeft UIInterfaceOrientationLandscapeRight";
				LD_RUNPATH_SEARCH_PATHS = (
					"$(inherited)",
					"@executable_path/Frameworks",
				);
				MARKETING_VERSION = 1.0;
				PRODUCT_BUNDLE_IDENTIFIER = com.MustafaGrgun.TechCareerCase;
				PRODUCT_NAME = "$(TARGET_NAME)";
				SWIFT_EMIT_LOC_STRINGS = YES;
				SWIFT_VERSION = 5.0;
				TARGETED_DEVICE_FAMILY = "1,2";
			};
			name = Release;
		};
		2B3D05992764017E00D2ED06 /* Debug */ = {
			isa = XCBuildConfiguration;
			buildSettings = {
				ALWAYS_EMBED_SWIFT_STANDARD_LIBRARIES = YES;
				BUNDLE_LOADER = "$(TEST_HOST)";
				CODE_SIGN_STYLE = Automatic;
				CURRENT_PROJECT_VERSION = 1;
				DEVELOPMENT_TEAM = HWG6WB2J76;
				GENERATE_INFOPLIST_FILE = YES;
				IPHONEOS_DEPLOYMENT_TARGET = 15.0;
				LD_RUNPATH_SEARCH_PATHS = (
					"$(inherited)",
					"@executable_path/Frameworks",
					"@loader_path/Frameworks",
				);
				MARKETING_VERSION = 1.0;
				PRODUCT_BUNDLE_IDENTIFIER = com.MustafaGrgun.TechCareerCaseTests;
				PRODUCT_NAME = "$(TARGET_NAME)";
				SWIFT_EMIT_LOC_STRINGS = NO;
				SWIFT_VERSION = 5.0;
				TARGETED_DEVICE_FAMILY = "1,2";
				TEST_HOST = "$(BUILT_PRODUCTS_DIR)/TechCareerCase.app/TechCareerCase";
			};
			name = Debug;
		};
		2B3D059A2764017E00D2ED06 /* Release */ = {
			isa = XCBuildConfiguration;
			buildSettings = {
				ALWAYS_EMBED_SWIFT_STANDARD_LIBRARIES = YES;
				BUNDLE_LOADER = "$(TEST_HOST)";
				CODE_SIGN_STYLE = Automatic;
				CURRENT_PROJECT_VERSION = 1;
				DEVELOPMENT_TEAM = HWG6WB2J76;
				GENERATE_INFOPLIST_FILE = YES;
				IPHONEOS_DEPLOYMENT_TARGET = 15.0;
				LD_RUNPATH_SEARCH_PATHS = (
					"$(inherited)",
					"@executable_path/Frameworks",
					"@loader_path/Frameworks",
				);
				MARKETING_VERSION = 1.0;
				PRODUCT_BUNDLE_IDENTIFIER = com.MustafaGrgun.TechCareerCaseTests;
				PRODUCT_NAME = "$(TARGET_NAME)";
				SWIFT_EMIT_LOC_STRINGS = NO;
				SWIFT_VERSION = 5.0;
				TARGETED_DEVICE_FAMILY = "1,2";
				TEST_HOST = "$(BUILT_PRODUCTS_DIR)/TechCareerCase.app/TechCareerCase";
			};
			name = Release;
		};
		2B3D059C2764017E00D2ED06 /* Debug */ = {
			isa = XCBuildConfiguration;
			buildSettings = {
				ALWAYS_EMBED_SWIFT_STANDARD_LIBRARIES = YES;
				CODE_SIGN_STYLE = Automatic;
				CURRENT_PROJECT_VERSION = 1;
				DEVELOPMENT_TEAM = HWG6WB2J76;
				GENERATE_INFOPLIST_FILE = YES;
				LD_RUNPATH_SEARCH_PATHS = (
					"$(inherited)",
					"@executable_path/Frameworks",
					"@loader_path/Frameworks",
				);
				MARKETING_VERSION = 1.0;
				PRODUCT_BUNDLE_IDENTIFIER = com.MustafaGrgun.TechCareerCaseUITests;
				PRODUCT_NAME = "$(TARGET_NAME)";
				SWIFT_EMIT_LOC_STRINGS = NO;
				SWIFT_VERSION = 5.0;
				TARGETED_DEVICE_FAMILY = "1,2";
				TEST_TARGET_NAME = TechCareerCase;
			};
			name = Debug;
		};
		2B3D059D2764017E00D2ED06 /* Release */ = {
			isa = XCBuildConfiguration;
			buildSettings = {
				ALWAYS_EMBED_SWIFT_STANDARD_LIBRARIES = YES;
				CODE_SIGN_STYLE = Automatic;
				CURRENT_PROJECT_VERSION = 1;
				DEVELOPMENT_TEAM = HWG6WB2J76;
				GENERATE_INFOPLIST_FILE = YES;
				LD_RUNPATH_SEARCH_PATHS = (
					"$(inherited)",
					"@executable_path/Frameworks",
					"@loader_path/Frameworks",
				);
				MARKETING_VERSION = 1.0;
				PRODUCT_BUNDLE_IDENTIFIER = com.MustafaGrgun.TechCareerCaseUITests;
				PRODUCT_NAME = "$(TARGET_NAME)";
				SWIFT_EMIT_LOC_STRINGS = NO;
				SWIFT_VERSION = 5.0;
				TARGETED_DEVICE_FAMILY = "1,2";
				TEST_TARGET_NAME = TechCareerCase;
			};
			name = Release;
		};
/* End XCBuildConfiguration section */

/* Begin XCConfigurationList section */
		2B3D05662764017600D2ED06 /* Build configuration list for PBXProject "TechCareerCase" */ = {
			isa = XCConfigurationList;
			buildConfigurations = (
				2B3D05932764017E00D2ED06 /* Debug */,
				2B3D05942764017E00D2ED06 /* Release */,
			);
			defaultConfigurationIsVisible = 0;
			defaultConfigurationName = Release;
		};
		2B3D05952764017E00D2ED06 /* Build configuration list for PBXNativeTarget "TechCareerCase" */ = {
			isa = XCConfigurationList;
			buildConfigurations = (
				2B3D05962764017E00D2ED06 /* Debug */,
				2B3D05972764017E00D2ED06 /* Release */,
			);
			defaultConfigurationIsVisible = 0;
			defaultConfigurationName = Release;
		};
		2B3D05982764017E00D2ED06 /* Build configuration list for PBXNativeTarget "TechCareerCaseTests" */ = {
			isa = XCConfigurationList;
			buildConfigurations = (
				2B3D05992764017E00D2ED06 /* Debug */,
				2B3D059A2764017E00D2ED06 /* Release */,
			);
			defaultConfigurationIsVisible = 0;
			defaultConfigurationName = Release;
		};
		2B3D059B2764017E00D2ED06 /* Build configuration list for PBXNativeTarget "TechCareerCaseUITests" */ = {
			isa = XCConfigurationList;
			buildConfigurations = (
				2B3D059C2764017E00D2ED06 /* Debug */,
				2B3D059D2764017E00D2ED06 /* Release */,
			);
			defaultConfigurationIsVisible = 0;
			defaultConfigurationName = Release;
		};
/* End XCConfigurationList section */
	};
	rootObject = 2B3D05632764017600D2ED06 /* Project object */;
}
